
Microsoft Visual Studio Solution File, Format Version 12.00
# Visual Studio 15
VisualStudioVersion = 15.0.28010.2026
MinimumVisualStudioVersion = 10.0.40219.1
Project("{FAE04EC0-301F-11D3-BF4B-00C04F79EFBC}") = "InventoryWeb", "InventoryWeb\InventoryWeb.csproj", "{8611DAA0-BB37-4A3E-907F-2FB4097CAFB2}"
EndProject
Project("{FAE04EC0-301F-11D3-BF4B-00C04F79EFBC}") = "InventoryWeb.Tests", "InventoryWeb.Tests\InventoryWeb.Tests.csproj", "{195B8A69-8095-48C4-94DD-DDE7279B7D23}"
EndProject
Project("{FAE04EC0-301F-11D3-BF4B-00C04F79EFBC}") = "InventoryWebAPI", "InventoryWebAPI\InventoryWebAPI.csproj", "{9FF33B17-07F9-40E4-B027-47585CEF3017}"
EndProject
Project("{FAE04EC0-301F-11D3-BF4B-00C04F79EFBC}") = "InventoryWebAPI.Tests", "InventoryWebAPI.Tests\InventoryWebAPI.Tests.csproj", "{8D67D9AB-C381-41F7-A5D2-857C71743B6C}"
EndProject
Project("{FAE04EC0-301F-11D3-BF4B-00C04F79EFBC}") = "InventoryBusinessLogic", "InventoryBusinessLogic\InventoryBusinessLogic.csproj", "{3907D2DE-9373-43EA-AB5C-A5F59893DE3F}"
EndProject
Global
	GlobalSection(SolutionConfigurationPlatforms) = preSolution
		Debug|Any CPU = Debug|Any CPU
		Release|Any CPU = Release|Any CPU
	EndGlobalSection
	GlobalSection(ProjectConfigurationPlatforms) = postSolution
		{8611DAA0-BB37-4A3E-907F-2FB4097CAFB2}.Debug|Any CPU.ActiveCfg = Debug|Any CPU
		{8611DAA0-BB37-4A3E-907F-2FB4097CAFB2}.Debug|Any CPU.Build.0 = Debug|Any CPU
		{8611DAA0-BB37-4A3E-907F-2FB4097CAFB2}.Release|Any CPU.ActiveCfg = Release|Any CPU
		{8611DAA0-BB37-4A3E-907F-2FB4097CAFB2}.Release|Any CPU.Build.0 = Release|Any CPU
		{195B8A69-8095-48C4-94DD-DDE7279B7D23}.Debug|Any CPU.ActiveCfg = Debug|Any CPU
		{195B8A69-8095-48C4-94DD-DDE7279B7D23}.Debug|Any CPU.Build.0 = Debug|Any CPU
		{195B8A69-8095-48C4-94DD-DDE7279B7D23}.Release|Any CPU.ActiveCfg = Release|Any CPU
		{195B8A69-8095-48C4-94DD-DDE7279B7D23}.Release|Any CPU.Build.0 = Release|Any CPU
		{9FF33B17-07F9-40E4-B027-47585CEF3017}.Debug|Any CPU.ActiveCfg = Debug|Any CPU
		{9FF33B17-07F9-40E4-B027-47585CEF3017}.Debug|Any CPU.Build.0 = Debug|Any CPU
		{9FF33B17-07F9-40E4-B027-47585CEF3017}.Release|Any CPU.ActiveCfg = Release|Any CPU
		{9FF33B17-07F9-40E4-B027-47585CEF3017}.Release|Any CPU.Build.0 = Release|Any CPU
		{8D67D9AB-C381-41F7-A5D2-857C71743B6C}.Debug|Any CPU.ActiveCfg = Debug|Any CPU
		{8D67D9AB-C381-41F7-A5D2-857C71743B6C}.Debug|Any CPU.Build.0 = Debug|Any CPU
		{8D67D9AB-C381-41F7-A5D2-857C71743B6C}.Release|Any CPU.ActiveCfg = Release|Any CPU
		{8D67D9AB-C381-41F7-A5D2-857C71743B6C}.Release|Any CPU.Build.0 = Release|Any CPU
		{3907D2DE-9373-43EA-AB5C-A5F59893DE3F}.Debug|Any CPU.ActiveCfg = Debug|Any CPU
		{3907D2DE-9373-43EA-AB5C-A5F59893DE3F}.Debug|Any CPU.Build.0 = Debug|Any CPU
		{3907D2DE-9373-43EA-AB5C-A5F59893DE3F}.Release|Any CPU.ActiveCfg = Release|Any CPU
		{3907D2DE-9373-43EA-AB5C-A5F59893DE3F}.Release|Any CPU.Build.0 = Release|Any CPU
	EndGlobalSection
	GlobalSection(SolutionProperties) = preSolution
		HideSolutionNode = FALSE
	EndGlobalSection
	GlobalSection(ExtensibilityGlobals) = postSolution
		SolutionGuid = {142334E1-2A02-4E8E-ACD8-2D5263C89230}
	EndGlobalSection
EndGlobal
